// !$*UTF8*$!
{
	archiveVersion = 1;
	classes = {
	};
	objectVersion = 48;
	objects = {

/* Begin PBXBuildFile section */
		1810617B20277D390081F3A8 /* AppDelegate.swift in Sources */ = {isa = PBXBuildFile; fileRef = 1810617A20277D390081F3A8 /* AppDelegate.swift */; };
		1810618020277D390081F3A8 /* Main.storyboard in Resources */ = {isa = PBXBuildFile; fileRef = 1810617E20277D390081F3A8 /* Main.storyboard */; };
		1810618320277D390081F3A8 /* GBU_1_1_ShatrovaA.xcdatamodeld in Sources */ = {isa = PBXBuildFile; fileRef = 1810618120277D390081F3A8 /* GBU_1_1_ShatrovaA.xcdatamodeld */; };
		1810618520277D390081F3A8 /* Assets.xcassets in Resources */ = {isa = PBXBuildFile; fileRef = 1810618420277D390081F3A8 /* Assets.xcassets */; };
		1810618820277D390081F3A8 /* LaunchScreen.storyboard in Resources */ = {isa = PBXBuildFile; fileRef = 1810618620277D390081F3A8 /* LaunchScreen.storyboard */; };
		18BF1F4B2027B77600168D6D /* FriendsTableViewController.swift in Sources */ = {isa = PBXBuildFile; fileRef = 18BF1F4A2027B77600168D6D /* FriendsTableViewController.swift */; };
		18BF1F4D2027B78800168D6D /* GroupsTableViewController.swift in Sources */ = {isa = PBXBuildFile; fileRef = 18BF1F4C2027B78800168D6D /* GroupsTableViewController.swift */; };
		18BF1F4F2027BACE00168D6D /* AuthWKViewController.swift in Sources */ = {isa = PBXBuildFile; fileRef = 18BF1F4E2027BACE00168D6D /* AuthWKViewController.swift */; };
		99B0422889312B9B605ECABB /* Pods_GBU_1_1_ShatrovaA.framework in Frameworks */ = {isa = PBXBuildFile; fileRef = EF0F872283D1AEB379109D25 /* Pods_GBU_1_1_ShatrovaA.framework */; };
/* End PBXBuildFile section */

/* Begin PBXFileReference section */
		1810617720277D390081F3A8 /* GBU_1.1_ShatrovaA.app */ = {isa = PBXFileReference; explicitFileType = wrapper.application; includeInIndex = 0; path = GBU_1.1_ShatrovaA.app; sourceTree = BUILT_PRODUCTS_DIR; };
		1810617A20277D390081F3A8 /* AppDelegate.swift */ = {isa = PBXFileReference; lastKnownFileType = sourcecode.swift; path = AppDelegate.swift; sourceTree = "<group>"; };
		1810617F20277D390081F3A8 /* Base */ = {isa = PBXFileReference; lastKnownFileType = file.storyboard; name = Base; path = Base.lproj/Main.storyboard; sourceTree = "<group>"; };
		1810618220277D390081F3A8 /* GBU_1_1_ShatrovaA.xcdatamodel */ = {isa = PBXFileReference; lastKnownFileType = wrapper.xcdatamodel; path = GBU_1_1_ShatrovaA.xcdatamodel; sourceTree = "<group>"; };
		1810618420277D390081F3A8 /* Assets.xcassets */ = {isa = PBXFileReference; lastKnownFileType = folder.assetcatalog; path = Assets.xcassets; sourceTree = "<group>"; };
		1810618720277D390081F3A8 /* Base */ = {isa = PBXFileReference; lastKnownFileType = file.storyboard; name = Base; path = Base.lproj/LaunchScreen.storyboard; sourceTree = "<group>"; };
		1810618920277D390081F3A8 /* Info.plist */ = {isa = PBXFileReference; lastKnownFileType = text.plist.xml; path = Info.plist; sourceTree = "<group>"; };
		18BF1F4A2027B77600168D6D /* FriendsTableViewController.swift */ = {isa = PBXFileReference; lastKnownFileType = sourcecode.swift; path = FriendsTableViewController.swift; sourceTree = "<group>"; };
		18BF1F4C2027B78800168D6D /* GroupsTableViewController.swift */ = {isa = PBXFileReference; lastKnownFileType = sourcecode.swift; path = GroupsTableViewController.swift; sourceTree = "<group>"; };
		18BF1F4E2027BACE00168D6D /* AuthWKViewController.swift */ = {isa = PBXFileReference; lastKnownFileType = sourcecode.swift; path = AuthWKViewController.swift; sourceTree = "<group>"; };
		8787305B605178EE824ECA05 /* Pods-GBU_1.1_ShatrovaA.release.xcconfig */ = {isa = PBXFileReference; includeInIndex = 1; lastKnownFileType = text.xcconfig; name = "Pods-GBU_1.1_ShatrovaA.release.xcconfig"; path = "Pods/Target Support Files/Pods-GBU_1.1_ShatrovaA/Pods-GBU_1.1_ShatrovaA.release.xcconfig"; sourceTree = "<group>"; };
		DB84943D163DC4BAC3CBE945 /* Pods-GBU_1.1_ShatrovaA.debug.xcconfig */ = {isa = PBXFileReference; includeInIndex = 1; lastKnownFileType = text.xcconfig; name = "Pods-GBU_1.1_ShatrovaA.debug.xcconfig"; path = "Pods/Target Support Files/Pods-GBU_1.1_ShatrovaA/Pods-GBU_1.1_ShatrovaA.debug.xcconfig"; sourceTree = "<group>"; };
		EF0F872283D1AEB379109D25 /* Pods_GBU_1_1_ShatrovaA.framework */ = {isa = PBXFileReference; explicitFileType = wrapper.framework; includeInIndex = 0; path = Pods_GBU_1_1_ShatrovaA.framework; sourceTree = BUILT_PRODUCTS_DIR; };
/* End PBXFileReference section */

/* Begin PBXFrameworksBuildPhase section */
		1810617420277D390081F3A8 /* Frameworks */ = {
			isa = PBXFrameworksBuildPhase;
			buildActionMask = 2147483647;
			files = (
				99B0422889312B9B605ECABB /* Pods_GBU_1_1_ShatrovaA.framework in Frameworks */,
			);
			runOnlyForDeploymentPostprocessing = 0;
		};
/* End PBXFrameworksBuildPhase section */

/* Begin PBXGroup section */
		1810616E20277D390081F3A8 = {
			isa = PBXGroup;
			children = (
				1810617920277D390081F3A8 /* GBU_1.1_ShatrovaA */,
				1810617820277D390081F3A8 /* Products */,
				DD05F95D370CC666FA50F765 /* Pods */,
				4659EDBCD4B628DCB0DCB56D /* Frameworks */,
			);
			sourceTree = "<group>";
		};
		1810617820277D390081F3A8 /* Products */ = {
			isa = PBXGroup;
			children = (
				1810617720277D390081F3A8 /* GBU_1.1_ShatrovaA.app */,
			);
			name = Products;
			sourceTree = "<group>";
		};
		1810617920277D390081F3A8 /* GBU_1.1_ShatrovaA */ = {
			isa = PBXGroup;
			children = (
				1810617A20277D390081F3A8 /* AppDelegate.swift */,
				18BF1F4E2027BACE00168D6D /* AuthWKViewController.swift */,
				18BF1F4C2027B78800168D6D /* GroupsTableViewController.swift */,
				18BF1F4A2027B77600168D6D /* FriendsTableViewController.swift */,
				1810617E20277D390081F3A8 /* Main.storyboard */,
				1810618420277D390081F3A8 /* Assets.xcassets */,
				1810618620277D390081F3A8 /* LaunchScreen.storyboard */,
				1810618920277D390081F3A8 /* Info.plist */,
				1810618120277D390081F3A8 /* GBU_1_1_ShatrovaA.xcdatamodeld */,
			);
			path = GBU_1.1_ShatrovaA;
			sourceTree = "<group>";
		};
		4659EDBCD4B628DCB0DCB56D /* Frameworks */ = {
			isa = PBXGroup;
			children = (
				EF0F872283D1AEB379109D25 /* Pods_GBU_1_1_ShatrovaA.framework */,
			);
			name = Frameworks;
			sourceTree = "<group>";
		};
		DD05F95D370CC666FA50F765 /* Pods */ = {
			isa = PBXGroup;
			children = (
				DB84943D163DC4BAC3CBE945 /* Pods-GBU_1.1_ShatrovaA.debug.xcconfig */,
				8787305B605178EE824ECA05 /* Pods-GBU_1.1_ShatrovaA.release.xcconfig */,
			);
			name = Pods;
			sourceTree = "<group>";
		};
/* End PBXGroup section */

/* Begin PBXNativeTarget section */
		1810617620277D390081F3A8 /* GBU_1.1_ShatrovaA */ = {
			isa = PBXNativeTarget;
			buildConfigurationList = 1810618C20277D390081F3A8 /* Build configuration list for PBXNativeTarget "GBU_1.1_ShatrovaA" */;
			buildPhases = (
				F5F81DB9EA7CC0967532021F /* [CP] Check Pods Manifest.lock */,
				1810617320277D390081F3A8 /* Sources */,
				1810617420277D390081F3A8 /* Frameworks */,
				1810617520277D390081F3A8 /* Resources */,
				F94EB84EAC97065F63AF1EDD /* [CP] Embed Pods Frameworks */,
				46F9BEA363098A1DAC581915 /* [CP] Copy Pods Resources */,
			);
			buildRules = (
			);
			dependencies = (
			);
			name = GBU_1.1_ShatrovaA;
			productName = GBU_1.1_ShatrovaA;
			productReference = 1810617720277D390081F3A8 /* GBU_1.1_ShatrovaA.app */;
			productType = "com.apple.product-type.application";
		};
/* End PBXNativeTarget section */

/* Begin PBXProject section */
		1810616F20277D390081F3A8 /* Project object */ = {
			isa = PBXProject;
			attributes = {
				LastSwiftUpdateCheck = 0920;
				LastUpgradeCheck = 0920;
				ORGANIZATIONNAME = Korona;
				TargetAttributes = {
					1810617620277D390081F3A8 = {
						CreatedOnToolsVersion = 9.2;
						ProvisioningStyle = Automatic;
					};
				};
			};
			buildConfigurationList = 1810617220277D390081F3A8 /* Build configuration list for PBXProject "GBU_1.1_ShatrovaA" */;
			compatibilityVersion = "Xcode 8.0";
			developmentRegion = en;
			hasScannedForEncodings = 0;
			knownRegions = (
				en,
				Base,
			);
			mainGroup = 1810616E20277D390081F3A8;
			productRefGroup = 1810617820277D390081F3A8 /* Products */;
			projectDirPath = "";
			projectRoot = "";
			targets = (
				1810617620277D390081F3A8 /* GBU_1.1_ShatrovaA */,
			);
		};
/* End PBXProject section */

/* Begin PBXResourcesBuildPhase section */
		1810617520277D390081F3A8 /* Resources */ = {
			isa = PBXResourcesBuildPhase;
			buildActionMask = 2147483647;
			files = (
				1810618820277D390081F3A8 /* LaunchScreen.storyboard in Resources */,
				1810618520277D390081F3A8 /* Assets.xcassets in Resources */,
				1810618020277D390081F3A8 /* Main.storyboard in Resources */,
			);
			runOnlyForDeploymentPostprocessing = 0;
		};
/* End PBXResourcesBuildPhase section */

/* Begin PBXShellScriptBuildPhase section */
		46F9BEA363098A1DAC581915 /* [CP] Copy Pods Resources */ = {
			isa = PBXShellScriptBuildPhase;
			buildActionMask = 2147483647;
			files = (
			);
			inputPaths = (
			);
			name = "[CP] Copy Pods Resources";
			outputPaths = (
			);
			runOnlyForDeploymentPostprocessing = 0;
			shellPath = /bin/sh;
			shellScript = "\"${SRCROOT}/Pods/Target Support Files/Pods-GBU_1.1_ShatrovaA/Pods-GBU_1.1_ShatrovaA-resources.sh\"\n";
			showEnvVarsInLog = 0;
		};
		F5F81DB9EA7CC0967532021F /* [CP] Check Pods Manifest.lock */ = {
			isa = PBXShellScriptBuildPhase;
			buildActionMask = 2147483647;
			files = (
			);
			inputPaths = (
				"${PODS_PODFILE_DIR_PATH}/Podfile.lock",
				"${PODS_ROOT}/Manifest.lock",
			);
			name = "[CP] Check Pods Manifest.lock";
			outputPaths = (
				"$(DERIVED_FILE_DIR)/Pods-GBU_1.1_ShatrovaA-checkManifestLockResult.txt",
			);
			runOnlyForDeploymentPostprocessing = 0;
			shellPath = /bin/sh;
			shellScript = "diff \"${PODS_PODFILE_DIR_PATH}/Podfile.lock\" \"${PODS_ROOT}/Manifest.lock\" > /dev/null\nif [ $? != 0 ] ; then\n    # print error to STDERR\n    echo \"error: The sandbox is not in sync with the Podfile.lock. Run 'pod install' or update your CocoaPods installation.\" >&2\n    exit 1\nfi\n# This output is used by Xcode 'outputs' to avoid re-running this script phase.\necho \"SUCCESS\" > \"${SCRIPT_OUTPUT_FILE_0}\"\n";
			showEnvVarsInLog = 0;
		};
		F94EB84EAC97065F63AF1EDD /* [CP] Embed Pods Frameworks */ = {
			isa = PBXShellScriptBuildPhase;
			buildActionMask = 2147483647;
			files = (
			);
			inputPaths = (
				"${SRCROOT}/Pods/Target Support Files/Pods-GBU_1.1_ShatrovaA/Pods-GBU_1.1_ShatrovaA-frameworks.sh",
				"${BUILT_PRODUCTS_DIR}/Alamofire/Alamofire.framework",
				"${BUILT_PRODUCTS_DIR}/SwiftyJSON/SwiftyJSON.framework",
			);
			name = "[CP] Embed Pods Frameworks";
			outputPaths = (
				"${TARGET_BUILD_DIR}/${FRAMEWORKS_FOLDER_PATH}/Alamofire.framework",
				"${TARGET_BUILD_DIR}/${FRAMEWORKS_FOLDER_PATH}/SwiftyJSON.framework",
			);
			runOnlyForDeploymentPostprocessing = 0;
			shellPath = /bin/sh;
			shellScript = "\"${SRCROOT}/Pods/Target Support Files/Pods-GBU_1.1_ShatrovaA/Pods-GBU_1.1_ShatrovaA-frameworks.sh\"\n";
			showEnvVarsInLog = 0;
		};
/* End PBXShellScriptBuildPhase section */

/* Begin PBXSourcesBuildPhase section */
		1810617320277D390081F3A8 /* Sources */ = {
			isa = PBXSourcesBuildPhase;
			buildActionMask = 2147483647;
			files = (
				18BF1F4F2027BACE00168D6D /* AuthWKViewController.swift in Sources */,
				18BF1F4D2027B78800168D6D /* GroupsTableViewController.swift in Sources */,
				1810618320277D390081F3A8 /* GBU_1_1_ShatrovaA.xcdatamodeld in Sources */,
				18BF1F4B2027B77600168D6D /* FriendsTableViewController.swift in Sources */,
				1810617B20277D390081F3A8 /* AppDelegate.swift in Sources */,
			);
			runOnlyForDeploymentPostprocessing = 0;
		};
/* End PBXSourcesBuildPhase section */

/* Begin PBXVariantGroup section */
		1810617E20277D390081F3A8 /* Main.storyboard */ = {
			isa = PBXVariantGroup;
			children = (
				1810617F20277D390081F3A8 /* Base */,
			);
			name = Main.storyboard;
			sourceTree = "<group>";
		};
		1810618620277D390081F3A8 /* LaunchScreen.storyboard */ = {
			isa = PBXVariantGroup;
			children = (
				1810618720277D390081F3A8 /* Base */,
			);
			name = LaunchScreen.storyboard;
			sourceTree = "<group>";
		};
/* End PBXVariantGroup section */

/* Begin XCBuildConfiguration section */
		1810618A20277D390081F3A8 /* Debug */ = {
			isa = XCBuildConfiguration;
			buildSettings = {
				ALWAYS_SEARCH_USER_PATHS = NO;
				CLANG_ANALYZER_NONNULL = YES;
				CLANG_ANALYZER_NUMBER_OBJECT_CONVERSION = YES_AGGRESSIVE;
				CLANG_CXX_LANGUAGE_STANDARD = "gnu++14";
				CLANG_CXX_LIBRARY = "libc++";
				CLANG_ENABLE_MODULES = YES;
				CLANG_ENABLE_OBJC_ARC = YES;
				CLANG_WARN_BLOCK_CAPTURE_AUTORELEASING = YES;
				CLANG_WARN_BOOL_CONVERSION = YES;
				CLANG_WARN_COMMA = YES;
				CLANG_WARN_CONSTANT_CONVERSION = YES;
				CLANG_WARN_DIRECT_OBJC_ISA_USAGE = YES_ERROR;
				CLANG_WARN_DOCUMENTATION_COMMENTS = YES;
				CLANG_WARN_EMPTY_BODY = YES;
				CLANG_WARN_ENUM_CONVERSION = YES;
				CLANG_WARN_INFINITE_RECURSION = YES;
				CLANG_WARN_INT_CONVERSION = YES;
				CLANG_WARN_NON_LITERAL_NULL_CONVERSION = YES;
				CLANG_WARN_OBJC_LITERAL_CONVERSION = YES;
				CLANG_WARN_OBJC_ROOT_CLASS = YES_ERROR;
				CLANG_WARN_RANGE_LOOP_ANALYSIS = YES;
				CLANG_WARN_STRICT_PROTOTYPES = YES;
				CLANG_WARN_SUSPICIOUS_MOVE = YES;
				CLANG_WARN_UNGUARDED_AVAILABILITY = YES_AGGRESSIVE;
				CLANG_WARN_UNREACHABLE_CODE = YES;
				CLANG_WARN__DUPLICATE_METHOD_MATCH = YES;
				CODE_SIGN_IDENTITY = "iPhone Developer";
				COPY_PHASE_STRIP = NO;
				DEBUG_INFORMATION_FORMAT = dwarf;
				"DEBUG_INFORMATION_FORMAT[sdk=iphonesimulator*]" = dwarf;
				ENABLE_STRICT_OBJC_MSGSEND = YES;
				ENABLE_TESTABILITY = YES;
				GCC_C_LANGUAGE_STANDARD = gnu11;
				GCC_DYNAMIC_NO_PIC = NO;
				GCC_NO_COMMON_BLOCKS = YES;
				GCC_OPTIMIZATION_LEVEL = 0;
				GCC_PREPROCESSOR_DEFINITIONS = (
					"DEBUG=1",
					"$(inherited)",
				);
				GCC_WARN_64_TO_32_BIT_CONVERSION = YES;
				GCC_WARN_ABOUT_RETURN_TYPE = YES_ERROR;
				GCC_WARN_UNDECLARED_SELECTOR = YES;
				GCC_WARN_UNINITIALIZED_AUTOS = YES_AGGRESSIVE;
				GCC_WARN_UNUSED_FUNCTION = YES;
				GCC_WARN_UNUSED_VARIABLE = YES;
				IPHONEOS_DEPLOYMENT_TARGET = 11.2;
				MTL_ENABLE_DEBUG_INFO = YES;
				ONLY_ACTIVE_ARCH = YES;
				SDKROOT = iphoneos;
				SWIFT_ACTIVE_COMPILATION_CONDITIONS = DEBUG;
				SWIFT_OPTIMIZATION_LEVEL = "-Onone";
			};
			name = Debug;
		};
		1810618B20277D390081F3A8 /* Release */ = {
			isa = XCBuildConfiguration;
			buildSettings = {
				ALWAYS_SEARCH_USER_PATHS = NO;
				CLANG_ANALYZER_NONNULL = YES;
				CLANG_ANALYZER_NUMBER_OBJECT_CONVERSION = YES_AGGRESSIVE;
				CLANG_CXX_LANGUAGE_STANDARD = "gnu++14";
				CLANG_CXX_LIBRARY = "libc++";
				CLANG_ENABLE_MODULES = YES;
				CLANG_ENABLE_OBJC_ARC = YES;
				CLANG_WARN_BLOCK_CAPTURE_AUTORELEASING = YES;
				CLANG_WARN_BOOL_CONVERSION = YES;
				CLANG_WARN_COMMA = YES;
				CLANG_WARN_CONSTANT_CONVERSION = YES;
				CLANG_WARN_DIRECT_OBJC_ISA_USAGE = YES_ERROR;
				CLANG_WARN_DOCUMENTATION_COMMENTS = YES;
				CLANG_WARN_EMPTY_BODY = YES;
				CLANG_WARN_ENUM_CONVERSION = YES;
				CLANG_WARN_INFINITE_RECURSION = YES;
				CLANG_WARN_INT_CONVERSION = YES;
				CLANG_WARN_NON_LITERAL_NULL_CONVERSION = YES;
				CLANG_WARN_OBJC_LITERAL_CONVERSION = YES;
				CLANG_WARN_OBJC_ROOT_CLASS = YES_ERROR;
				CLANG_WARN_RANGE_LOOP_ANALYSIS = YES;
				CLANG_WARN_STRICT_PROTOTYPES = YES;
				CLANG_WARN_SUSPICIOUS_MOVE = YES;
				CLANG_WARN_UNGUARDED_AVAILABILITY = YES_AGGRESSIVE;
				CLANG_WARN_UNREACHABLE_CODE = YES;
				CLANG_WARN__DUPLICATE_METHOD_MATCH = YES;
				CODE_SIGN_IDENTITY = "iPhone Developer";
				COPY_PHASE_STRIP = NO;
				DEBUG_INFORMATION_FORMAT = "dwarf-with-dsym";
				ENABLE_NS_ASSERTIONS = NO;
				ENABLE_STRICT_OBJC_MSGSEND = YES;
				GCC_C_LANGUAGE_STANDARD = gnu11;
				GCC_NO_COMMON_BLOCKS = YES;
				GCC_WARN_64_TO_32_BIT_CONVERSION = YES;
				GCC_WARN_ABOUT_RETURN_TYPE = YES_ERROR;
				GCC_WARN_UNDECLARED_SELECTOR = YES;
				GCC_WARN_UNINITIALIZED_AUTOS = YES_AGGRESSIVE;
				GCC_WARN_UNUSED_FUNCTION = YES;
				GCC_WARN_UNUSED_VARIABLE = YES;
				IPHONEOS_DEPLOYMENT_TARGET = 11.2;
				MTL_ENABLE_DEBUG_INFO = NO;
				SDKROOT = iphoneos;
				SWIFT_OPTIMIZATION_LEVEL = "-Owholemodule";
				VALIDATE_PRODUCT = YES;
			};
			name = Release;
		};
		1810618D20277D390081F3A8 /* Debug */ = {
			isa = XCBuildConfiguration;
			baseConfigurationReference = DB84943D163DC4BAC3CBE945 /* Pods-GBU_1.1_ShatrovaA.debug.xcconfig */;
			buildSettings = {
				ASSETCATALOG_COMPILER_APPICON_NAME = AppIcon;
				CODE_SIGN_STYLE = Automatic;
				INFOPLIST_FILE = GBU_1.1_ShatrovaA/Info.plist;
				LD_RUNPATH_SEARCH_PATHS = "$(inherited) @executable_path/Frameworks";
				PRODUCT_BUNDLE_IDENTIFIER = "-78.GBU-1-1-ShatrovaA";
				PRODUCT_NAME = "$(TARGET_NAME)";
				SWIFT_VERSION = 4.0;
				TARGETED_DEVICE_FAMILY = "1,2";
			};
			name = Debug;
		};
		1810618E20277D390081F3A8 /* Release */ = {
			isa = XCBuildConfiguration;
			baseConfigurationReference = 8787305B605178EE824ECA05 /* Pods-GBU_1.1_ShatrovaA.release.xcconfig */;
			buildSettings = {
				ASSETCATALOG_COMPILER_APPICON_NAME = AppIcon;
				CODE_SIGN_STYLE = Automatic;
				INFOPLIST_FILE = GBU_1.1_ShatrovaA/Info.plist;
				LD_RUNPATH_SEARCH_PATHS = "$(inherited) @executable_path/Frameworks";
				PRODUCT_BUNDLE_IDENTIFIER = "-78.GBU-1-1-ShatrovaA";
				PRODUCT_NAME = "$(TARGET_NAME)";
				SWIFT_VERSION = 4.0;
				TARGETED_DEVICE_FAMILY = "1,2";
			};
			name = Release;
		};
/* End XCBuildConfiguration section */

/* Begin XCConfigurationList section */
		1810617220277D390081F3A8 /* Build configuration list for PBXProject "GBU_1.1_ShatrovaA" */ = {
			isa = XCConfigurationList;
			buildConfigurations = (
				1810618A20277D390081F3A8 /* Debug */,
				1810618B20277D390081F3A8 /* Release */,
			);
			defaultConfigurationIsVisible = 0;
			defaultConfigurationName = Release;
		};
		1810618C20277D390081F3A8 /* Build configuration list for PBXNativeTarget "GBU_1.1_ShatrovaA" */ = {
			isa = XCConfigurationList;
			buildConfigurations = (
				1810618D20277D390081F3A8 /* Debug */,
				1810618E20277D390081F3A8 /* Release */,
			);
			defaultConfigurationIsVisible = 0;
			defaultConfigurationName = Release;
		};
/* End XCConfigurationList section */

/* Begin XCVersionGroup section */
		1810618120277D390081F3A8 /* GBU_1_1_ShatrovaA.xcdatamodeld */ = {
			isa = XCVersionGroup;
			children = (
				1810618220277D390081F3A8 /* GBU_1_1_ShatrovaA.xcdatamodel */,
			);
			currentVersion = 1810618220277D390081F3A8 /* GBU_1_1_ShatrovaA.xcdatamodel */;
			path = GBU_1_1_ShatrovaA.xcdatamodeld;
			sourceTree = "<group>";
			versionGroupType = wrapper.xcdatamodel;
		};
/* End XCVersionGroup section */
	};
	rootObject = 1810616F20277D390081F3A8 /* Project object */;
}
